
Microsoft Visual Studio Solution File, Format Version 12.00
# Visual Studio 15
VisualStudioVersion = 15.0.26403.0
MinimumVisualStudioVersion = 10.0.40219.1
Project("{9A19103F-16F7-4668-BE54-9A1E7A4F7556}") = "Benchmarks", "Benchmarks\Benchmarks.csproj", "{43A873B2-4D56-4962-BA18-2A0B51220065}"
EndProject
Project("{9A19103F-16F7-4668-BE54-9A1E7A4F7556}") = "libpng-sharp", "libpng-sharp\libpng-sharp.csproj", "{046DFCAB-7DC0-4DBB-A625-BD41821D6952}"
EndProject
Project("{9A19103F-16F7-4668-BE54-9A1E7A4F7556}") = "libpng-sharp.Tests", "libpng-sharp.Tests\libpng-sharp.Tests.csproj", "{6E14156D-F21D-436A-AC03-9AD3CA6D2D15}"
EndProject
Global
	GlobalSection(SolutionConfigurationPlatforms) = preSolution
		Debug|Any CPU = Debug|Any CPU
		Release|Any CPU = Release|Any CPU
	EndGlobalSection
	GlobalSection(ProjectConfigurationPlatforms) = postSolution
		{43A873B2-4D56-4962-BA18-2A0B51220065}.Debug|Any CPU.ActiveCfg = Debug|Any CPU
		{43A873B2-4D56-4962-BA18-2A0B51220065}.Debug|Any CPU.Build.0 = Debug|Any CPU
		{43A873B2-4D56-4962-BA18-2A0B51220065}.Release|Any CPU.ActiveCfg = Release|Any CPU
		{43A873B2-4D56-4962-BA18-2A0B51220065}.Release|Any CPU.Build.0 = Release|Any CPU
		{046DFCAB-7DC0-4DBB-A625-BD41821D6952}.Debug|Any CPU.ActiveCfg = Debug|Any CPU
		{046DFCAB-7DC0-4DBB-A625-BD41821D6952}.Debug|Any CPU.Build.0 = Debug|Any CPU
		{046DFCAB-7DC0-4DBB-A625-BD41821D6952}.Release|Any CPU.ActiveCfg = Release|Any CPU
		{046DFCAB-7DC0-4DBB-A625-BD41821D6952}.Release|Any CPU.Build.0 = Release|Any CPU
		{6E14156D-F21D-436A-AC03-9AD3CA6D2D15}.Debug|Any CPU.ActiveCfg = Debug|Any CPU
		{6E14156D-F21D-436A-AC03-9AD3CA6D2D15}.Debug|Any CPU.Build.0 = Debug|Any CPU
		{6E14156D-F21D-436A-AC03-9AD3CA6D2D15}.Release|Any CPU.ActiveCfg = Release|Any CPU
		{6E14156D-F21D-436A-AC03-9AD3CA6D2D15}.Release|Any CPU.Build.0 = Release|Any CPU
	EndGlobalSection
	GlobalSection(SolutionProperties) = preSolution
		HideSolutionNode = FALSE
	EndGlobalSection
	GlobalSection(ExtensibilityGlobals) = postSolution
		SolutionGuid = {171A753A-2734-4D66-A493-D7269AADBE20}
	EndGlobalSection
EndGlobal
